
Microsoft Visual Studio Solution File, Format Version 12.00
# Visual Studio Version 17
VisualStudioVersion = 17.2.32630.192
MinimumVisualStudioVersion = 10.0.40219.1
Project("{FAE04EC0-301F-11D3-BF4B-00C04F79EFBC}") = "Ejercicio2", "Ejercicio2.csproj", "{7A51B8F9-C965-4529-BD04-076C96A6147E}"
EndProject
Global
	GlobalSection(SolutionConfigurationPlatforms) = preSolution
		Debug|Any CPU = Debug|Any CPU
		Release|Any CPU = Release|Any CPU
	EndGlobalSection
	GlobalSection(ProjectConfigurationPlatforms) = postSolution
		{7A51B8F9-C965-4529-BD04-076C96A6147E}.Debug|Any CPU.ActiveCfg = Debug|Any CPU
		{7A51B8F9-C965-4529-BD04-076C96A6147E}.Debug|Any CPU.Build.0 = Debug|Any CPU
		{7A51B8F9-C965-4529-BD04-076C96A6147E}.Release|Any CPU.ActiveCfg = Release|Any CPU
		{7A51B8F9-C965-4529-BD04-076C96A6147E}.Release|Any CPU.Build.0 = Release|Any CPU
	EndGlobalSection
	GlobalSection(SolutionProperties) = preSolution
		HideSolutionNode = FALSE
	EndGlobalSection
	GlobalSection(ExtensibilityGlobals) = postSolution
		SolutionGuid = {191905BD-C33B-4D6A-903B-B5732F47D7DD}
	EndGlobalSection
EndGlobal
